
Microsoft Visual Studio Solution File, Format Version 12.00
# Visual Studio Version 17
VisualStudioVersion = 17.7.34024.191
MinimumVisualStudioVersion = 10.0.40219.1
Project("{9A19103F-16F7-4668-BE54-9A1E7A4F7556}") = "linux-media-rockchip-rga", "linux-media-rockchip-rga\linux-media-rockchip-rga.csproj", "{3A726CA9-F770-45DC-BA2A-A7C5D04D3FE7}"
EndProject
Project("{FAE04EC0-301F-11D3-BF4B-00C04F79EFBC}") = "linux-media-rockchip-mpp", "linux-media-rockchip-mpp\linux-media-rockchip-mpp.csproj", "{AC2D02F2-8B72-457C-8BE4-3B0082F1FAFD}"
EndProject
Global
	GlobalSection(SolutionConfigurationPlatforms) = preSolution
		Debug|Any CPU = Debug|Any CPU
		Release|Any CPU = Release|Any CPU
	EndGlobalSection
	GlobalSection(ProjectConfigurationPlatforms) = postSolution
		{3A726CA9-F770-45DC-BA2A-A7C5D04D3FE7}.Debug|Any CPU.ActiveCfg = Debug|Any CPU
		{3A726CA9-F770-45DC-BA2A-A7C5D04D3FE7}.Debug|Any CPU.Build.0 = Debug|Any CPU
		{3A726CA9-F770-45DC-BA2A-A7C5D04D3FE7}.Release|Any CPU.ActiveCfg = Release|Any CPU
		{3A726CA9-F770-45DC-BA2A-A7C5D04D3FE7}.Release|Any CPU.Build.0 = Release|Any CPU
		{AC2D02F2-8B72-457C-8BE4-3B0082F1FAFD}.Debug|Any CPU.ActiveCfg = Debug|Any CPU
		{AC2D02F2-8B72-457C-8BE4-3B0082F1FAFD}.Debug|Any CPU.Build.0 = Debug|Any CPU
		{AC2D02F2-8B72-457C-8BE4-3B0082F1FAFD}.Release|Any CPU.ActiveCfg = Release|Any CPU
		{AC2D02F2-8B72-457C-8BE4-3B0082F1FAFD}.Release|Any CPU.Build.0 = Release|Any CPU
	EndGlobalSection
	GlobalSection(SolutionProperties) = preSolution
		HideSolutionNode = FALSE
	EndGlobalSection
	GlobalSection(ExtensibilityGlobals) = postSolution
		SolutionGuid = {9ADF7594-96D8-43DB-82EE-92FD39DA8608}
	EndGlobalSection
EndGlobal
